
Microsoft Visual Studio Solution File, Format Version 12.00
# Visual Studio Version 17
VisualStudioVersion = 17.4.33205.214
MinimumVisualStudioVersion = 10.0.40219.1
Project("{FAE04EC0-301F-11D3-BF4B-00C04F79EFBC}") = "CustomerMaintenance", "CustomerMaintenance\CustomerMaintenance.csproj", "{A02BE4FB-FFB8-492A-AB4B-0C1983F871EB}"
EndProject
Global
	GlobalSection(SolutionConfigurationPlatforms) = preSolution
		Debug|Any CPU = Debug|Any CPU
		Release|Any CPU = Release|Any CPU
	EndGlobalSection
	GlobalSection(ProjectConfigurationPlatforms) = postSolution
		{A02BE4FB-FFB8-492A-AB4B-0C1983F871EB}.Debug|Any CPU.ActiveCfg = Debug|Any CPU
		{A02BE4FB-FFB8-492A-AB4B-0C1983F871EB}.Debug|Any CPU.Build.0 = Debug|Any CPU
		{A02BE4FB-FFB8-492A-AB4B-0C1983F871EB}.Release|Any CPU.ActiveCfg = Release|Any CPU
		{A02BE4FB-FFB8-492A-AB4B-0C1983F871EB}.Release|Any CPU.Build.0 = Release|Any CPU
	EndGlobalSection
	GlobalSection(SolutionProperties) = preSolution
		HideSolutionNode = FALSE
	EndGlobalSection
	GlobalSection(ExtensibilityGlobals) = postSolution
		SolutionGuid = {2816646A-99F3-4296-9A42-4AB238133C25}
	EndGlobalSection
EndGlobal
