
Microsoft Visual Studio Solution File, Format Version 12.00
# Visual Studio Version 17
VisualStudioVersion = 17.4.33205.214
MinimumVisualStudioVersion = 10.0.40219.1
Project("{FAE04EC0-301F-11D3-BF4B-00C04F79EFBC}") = "CustomerMaintenance", "CustomerMaintenance\CustomerMaintenance.csproj", "{58B71FF2-CA61-44C9-810B-83738693FCF6}"
EndProject
Global
	GlobalSection(SolutionConfigurationPlatforms) = preSolution
		Debug|Any CPU = Debug|Any CPU
		Release|Any CPU = Release|Any CPU
	EndGlobalSection
	GlobalSection(ProjectConfigurationPlatforms) = postSolution
		{58B71FF2-CA61-44C9-810B-83738693FCF6}.Debug|Any CPU.ActiveCfg = Debug|Any CPU
		{58B71FF2-CA61-44C9-810B-83738693FCF6}.Debug|Any CPU.Build.0 = Debug|Any CPU
		{58B71FF2-CA61-44C9-810B-83738693FCF6}.Release|Any CPU.ActiveCfg = Release|Any CPU
		{58B71FF2-CA61-44C9-810B-83738693FCF6}.Release|Any CPU.Build.0 = Release|Any CPU
	EndGlobalSection
	GlobalSection(SolutionProperties) = preSolution
		HideSolutionNode = FALSE
	EndGlobalSection
	GlobalSection(ExtensibilityGlobals) = postSolution
		SolutionGuid = {213D8058-5142-454A-8ED5-A134321CA00A}
	EndGlobalSection
EndGlobal
