
Microsoft Visual Studio Solution File, Format Version 12.00
# Visual Studio Version 17
VisualStudioVersion = 17.4.33122.133
MinimumVisualStudioVersion = 10.0.40219.1
Project("{FAE04EC0-301F-11D3-BF4B-00C04F79EFBC}") = "CustomerMaintenance", "CustomerMaintenance\CustomerMaintenance.csproj", "{4EBE1128-0C06-44D7-A812-4595E13FCF13}"
EndProject
Global
	GlobalSection(SolutionConfigurationPlatforms) = preSolution
		Debug|Any CPU = Debug|Any CPU
		Release|Any CPU = Release|Any CPU
	EndGlobalSection
	GlobalSection(ProjectConfigurationPlatforms) = postSolution
		{4EBE1128-0C06-44D7-A812-4595E13FCF13}.Debug|Any CPU.ActiveCfg = Debug|Any CPU
		{4EBE1128-0C06-44D7-A812-4595E13FCF13}.Debug|Any CPU.Build.0 = Debug|Any CPU
		{4EBE1128-0C06-44D7-A812-4595E13FCF13}.Release|Any CPU.ActiveCfg = Release|Any CPU
		{4EBE1128-0C06-44D7-A812-4595E13FCF13}.Release|Any CPU.Build.0 = Release|Any CPU
	EndGlobalSection
	GlobalSection(SolutionProperties) = preSolution
		HideSolutionNode = FALSE
	EndGlobalSection
	GlobalSection(ExtensibilityGlobals) = postSolution
		SolutionGuid = {3D62CDE1-AB50-4E41-94E3-5C6B05E1F1AF}
	EndGlobalSection
EndGlobal
