
Microsoft Visual Studio Solution File, Format Version 12.00
# Visual Studio Version 17
VisualStudioVersion = 17.4.33205.214
MinimumVisualStudioVersion = 10.0.40219.1
Project("{FAE04EC0-301F-11D3-BF4B-00C04F79EFBC}") = "Payment", "Payment\Payment.csproj", "{D3DCBE56-B468-40F8-A752-08572D228706}"
EndProject
Global
	GlobalSection(SolutionConfigurationPlatforms) = preSolution
		Debug|Any CPU = Debug|Any CPU
		Release|Any CPU = Release|Any CPU
	EndGlobalSection
	GlobalSection(ProjectConfigurationPlatforms) = postSolution
		{D3DCBE56-B468-40F8-A752-08572D228706}.Debug|Any CPU.ActiveCfg = Debug|Any CPU
		{D3DCBE56-B468-40F8-A752-08572D228706}.Debug|Any CPU.Build.0 = Debug|Any CPU
		{D3DCBE56-B468-40F8-A752-08572D228706}.Release|Any CPU.ActiveCfg = Release|Any CPU
		{D3DCBE56-B468-40F8-A752-08572D228706}.Release|Any CPU.Build.0 = Release|Any CPU
	EndGlobalSection
	GlobalSection(SolutionProperties) = preSolution
		HideSolutionNode = FALSE
	EndGlobalSection
	GlobalSection(ExtensibilityGlobals) = postSolution
		SolutionGuid = {B8D05DD7-211A-4E4D-867C-53BD89C06D0F}
	EndGlobalSection
EndGlobal
