
Microsoft Visual Studio Solution File, Format Version 12.00
# Visual Studio Version 17
VisualStudioVersion = 17.4.33205.214
MinimumVisualStudioVersion = 10.0.40219.1
Project("{FAE04EC0-301F-11D3-BF4B-00C04F79EFBC}") = "CustomerMaintenance", "CustomerMaintenance\CustomerMaintenance.csproj", "{DD4C8194-8973-4845-95FD-F6DC88127400}"
EndProject
Global
	GlobalSection(SolutionConfigurationPlatforms) = preSolution
		Debug|Any CPU = Debug|Any CPU
		Release|Any CPU = Release|Any CPU
	EndGlobalSection
	GlobalSection(ProjectConfigurationPlatforms) = postSolution
		{DD4C8194-8973-4845-95FD-F6DC88127400}.Debug|Any CPU.ActiveCfg = Debug|Any CPU
		{DD4C8194-8973-4845-95FD-F6DC88127400}.Debug|Any CPU.Build.0 = Debug|Any CPU
		{DD4C8194-8973-4845-95FD-F6DC88127400}.Release|Any CPU.ActiveCfg = Release|Any CPU
		{DD4C8194-8973-4845-95FD-F6DC88127400}.Release|Any CPU.Build.0 = Release|Any CPU
	EndGlobalSection
	GlobalSection(SolutionProperties) = preSolution
		HideSolutionNode = FALSE
	EndGlobalSection
	GlobalSection(ExtensibilityGlobals) = postSolution
		SolutionGuid = {44D0C1B6-9DA6-4328-8A40-9C9A0D83D69C}
	EndGlobalSection
EndGlobal
