
Microsoft Visual Studio Solution File, Format Version 12.00
# Visual Studio Version 17
VisualStudioVersion = 17.4.33205.214
MinimumVisualStudioVersion = 10.0.40219.1
Project("{FAE04EC0-301F-11D3-BF4B-00C04F79EFBC}") = "CustomerInvoices", "CustomerInvoices\CustomerInvoices.csproj", "{ED426BDB-0E27-41AD-BA94-6C411026E058}"
EndProject
Global
	GlobalSection(SolutionConfigurationPlatforms) = preSolution
		Debug|Any CPU = Debug|Any CPU
		Release|Any CPU = Release|Any CPU
	EndGlobalSection
	GlobalSection(ProjectConfigurationPlatforms) = postSolution
		{ED426BDB-0E27-41AD-BA94-6C411026E058}.Debug|Any CPU.ActiveCfg = Debug|Any CPU
		{ED426BDB-0E27-41AD-BA94-6C411026E058}.Debug|Any CPU.Build.0 = Debug|Any CPU
		{ED426BDB-0E27-41AD-BA94-6C411026E058}.Release|Any CPU.ActiveCfg = Release|Any CPU
		{ED426BDB-0E27-41AD-BA94-6C411026E058}.Release|Any CPU.Build.0 = Release|Any CPU
	EndGlobalSection
	GlobalSection(SolutionProperties) = preSolution
		HideSolutionNode = FALSE
	EndGlobalSection
	GlobalSection(ExtensibilityGlobals) = postSolution
		SolutionGuid = {3649FCBA-68BA-4C95-BCF7-A0D60F0AF5B6}
	EndGlobalSection
EndGlobal
