
Microsoft Visual Studio Solution File, Format Version 12.00
# Visual Studio Version 17
VisualStudioVersion = 17.4.33122.133
MinimumVisualStudioVersion = 10.0.40219.1
Project("{9A19103F-16F7-4668-BE54-9A1E7A4F7556}") = "ValidationLibrary", "ValidationLibrary\ValidationLibrary.csproj", "{7CE3B49C-9776-4385-9E8F-31EEC181F4A9}"
EndProject
Project("{FAE04EC0-301F-11D3-BF4B-00C04F79EFBC}") = "ValidationLibraryTests", "ValidationLibraryTests\ValidationLibraryTests.csproj", "{F1463E3C-4723-49A8-896D-8E9F444C2E37}"
EndProject
Global
	GlobalSection(SolutionConfigurationPlatforms) = preSolution
		Debug|Any CPU = Debug|Any CPU
		Release|Any CPU = Release|Any CPU
	EndGlobalSection
	GlobalSection(ProjectConfigurationPlatforms) = postSolution
		{7CE3B49C-9776-4385-9E8F-31EEC181F4A9}.Debug|Any CPU.ActiveCfg = Debug|Any CPU
		{7CE3B49C-9776-4385-9E8F-31EEC181F4A9}.Debug|Any CPU.Build.0 = Debug|Any CPU
		{7CE3B49C-9776-4385-9E8F-31EEC181F4A9}.Release|Any CPU.ActiveCfg = Release|Any CPU
		{7CE3B49C-9776-4385-9E8F-31EEC181F4A9}.Release|Any CPU.Build.0 = Release|Any CPU
		{F1463E3C-4723-49A8-896D-8E9F444C2E37}.Debug|Any CPU.ActiveCfg = Debug|Any CPU
		{F1463E3C-4723-49A8-896D-8E9F444C2E37}.Debug|Any CPU.Build.0 = Debug|Any CPU
		{F1463E3C-4723-49A8-896D-8E9F444C2E37}.Release|Any CPU.ActiveCfg = Release|Any CPU
		{F1463E3C-4723-49A8-896D-8E9F444C2E37}.Release|Any CPU.Build.0 = Release|Any CPU
	EndGlobalSection
	GlobalSection(SolutionProperties) = preSolution
		HideSolutionNode = FALSE
	EndGlobalSection
	GlobalSection(ExtensibilityGlobals) = postSolution
		SolutionGuid = {A6CF073C-17FA-4241-B432-0A05B86464B7}
	EndGlobalSection
EndGlobal
