
Microsoft Visual Studio Solution File, Format Version 12.00
# Visual Studio Version 17
VisualStudioVersion = 17.4.33122.133
MinimumVisualStudioVersion = 10.0.40219.1
Project("{FAE04EC0-301F-11D3-BF4B-00C04F79EFBC}") = "CustomerMaintenance", "CustomerMaintenance\CustomerMaintenance.csproj", "{12AB094D-5A21-46F6-BB20-DA1BE89DAB42}"
EndProject
Global
	GlobalSection(SolutionConfigurationPlatforms) = preSolution
		Debug|Any CPU = Debug|Any CPU
		Release|Any CPU = Release|Any CPU
	EndGlobalSection
	GlobalSection(ProjectConfigurationPlatforms) = postSolution
		{12AB094D-5A21-46F6-BB20-DA1BE89DAB42}.Debug|Any CPU.ActiveCfg = Debug|Any CPU
		{12AB094D-5A21-46F6-BB20-DA1BE89DAB42}.Debug|Any CPU.Build.0 = Debug|Any CPU
		{12AB094D-5A21-46F6-BB20-DA1BE89DAB42}.Release|Any CPU.ActiveCfg = Release|Any CPU
		{12AB094D-5A21-46F6-BB20-DA1BE89DAB42}.Release|Any CPU.Build.0 = Release|Any CPU
	EndGlobalSection
	GlobalSection(SolutionProperties) = preSolution
		HideSolutionNode = FALSE
	EndGlobalSection
	GlobalSection(ExtensibilityGlobals) = postSolution
		SolutionGuid = {7EDB31CC-7A53-47BB-ACF2-1F28A704C91D}
	EndGlobalSection
EndGlobal
