
Microsoft Visual Studio Solution File, Format Version 12.00
# Visual Studio Version 17
VisualStudioVersion = 17.4.33205.214
MinimumVisualStudioVersion = 10.0.40219.1
Project("{FAE04EC0-301F-11D3-BF4B-00C04F79EFBC}") = "FutureValue", "FutureValue\FutureValue.csproj", "{61FD02C1-8C10-48A2-B322-88E0E09F9FFE}"
EndProject
Global
	GlobalSection(SolutionConfigurationPlatforms) = preSolution
		Debug|Any CPU = Debug|Any CPU
		Release|Any CPU = Release|Any CPU
	EndGlobalSection
	GlobalSection(ProjectConfigurationPlatforms) = postSolution
		{61FD02C1-8C10-48A2-B322-88E0E09F9FFE}.Debug|Any CPU.ActiveCfg = Debug|Any CPU
		{61FD02C1-8C10-48A2-B322-88E0E09F9FFE}.Debug|Any CPU.Build.0 = Debug|Any CPU
		{61FD02C1-8C10-48A2-B322-88E0E09F9FFE}.Release|Any CPU.ActiveCfg = Release|Any CPU
		{61FD02C1-8C10-48A2-B322-88E0E09F9FFE}.Release|Any CPU.Build.0 = Release|Any CPU
	EndGlobalSection
	GlobalSection(SolutionProperties) = preSolution
		HideSolutionNode = FALSE
	EndGlobalSection
	GlobalSection(ExtensibilityGlobals) = postSolution
		SolutionGuid = {A3E1A06A-F0FC-41A2-A289-BFE6A2E26084}
	EndGlobalSection
EndGlobal
