
Microsoft Visual Studio Solution File, Format Version 12.00
# Visual Studio Version 17
VisualStudioVersion = 17.4.33122.133
MinimumVisualStudioVersion = 10.0.40219.1
Project("{FAE04EC0-301F-11D3-BF4B-00C04F79EFBC}") = "ProductMaintenance", "ProductMaintenance\ProductMaintenance.csproj", "{94E6CB6C-71A9-4A5F-BC2E-8E1D40157F52}"
EndProject
Global
	GlobalSection(SolutionConfigurationPlatforms) = preSolution
		Debug|Any CPU = Debug|Any CPU
		Release|Any CPU = Release|Any CPU
	EndGlobalSection
	GlobalSection(ProjectConfigurationPlatforms) = postSolution
		{94E6CB6C-71A9-4A5F-BC2E-8E1D40157F52}.Debug|Any CPU.ActiveCfg = Debug|Any CPU
		{94E6CB6C-71A9-4A5F-BC2E-8E1D40157F52}.Debug|Any CPU.Build.0 = Debug|Any CPU
		{94E6CB6C-71A9-4A5F-BC2E-8E1D40157F52}.Release|Any CPU.ActiveCfg = Release|Any CPU
		{94E6CB6C-71A9-4A5F-BC2E-8E1D40157F52}.Release|Any CPU.Build.0 = Release|Any CPU
	EndGlobalSection
	GlobalSection(SolutionProperties) = preSolution
		HideSolutionNode = FALSE
	EndGlobalSection
	GlobalSection(ExtensibilityGlobals) = postSolution
		SolutionGuid = {6EFFA829-7DAE-439D-9795-45FD0B8EDFA7}
	EndGlobalSection
EndGlobal
