
Microsoft Visual Studio Solution File, Format Version 12.00
# Visual Studio Version 17
VisualStudioVersion = 17.5.33414.496
MinimumVisualStudioVersion = 10.0.40219.1
Project("{FAE04EC0-301F-11D3-BF4B-00C04F79EFBC}") = "SimpleCalculator", "SimpleCalculator\SimpleCalculator.csproj", "{0302CA61-E0BA-4714-AFCE-F09AC70A7112}"
EndProject
Global
	GlobalSection(SolutionConfigurationPlatforms) = preSolution
		Debug|Any CPU = Debug|Any CPU
		Release|Any CPU = Release|Any CPU
	EndGlobalSection
	GlobalSection(ProjectConfigurationPlatforms) = postSolution
		{0302CA61-E0BA-4714-AFCE-F09AC70A7112}.Debug|Any CPU.ActiveCfg = Debug|Any CPU
		{0302CA61-E0BA-4714-AFCE-F09AC70A7112}.Debug|Any CPU.Build.0 = Debug|Any CPU
		{0302CA61-E0BA-4714-AFCE-F09AC70A7112}.Release|Any CPU.ActiveCfg = Release|Any CPU
		{0302CA61-E0BA-4714-AFCE-F09AC70A7112}.Release|Any CPU.Build.0 = Release|Any CPU
	EndGlobalSection
	GlobalSection(SolutionProperties) = preSolution
		HideSolutionNode = FALSE
	EndGlobalSection
	GlobalSection(ExtensibilityGlobals) = postSolution
		SolutionGuid = {975C924C-5F34-4302-A879-C68BBE13C02C}
	EndGlobalSection
EndGlobal
