
Microsoft Visual Studio Solution File, Format Version 12.00
# Visual Studio Version 17
VisualStudioVersion = 17.4.33122.133
MinimumVisualStudioVersion = 10.0.40219.1
Project("{FAE04EC0-301F-11D3-BF4B-00C04F79EFBC}") = "CustomerMaintenance", "CustomerMaintenance\CustomerMaintenance.csproj", "{7084077B-E532-4B44-80E0-3CBB0B86308D}"
EndProject
Global
	GlobalSection(SolutionConfigurationPlatforms) = preSolution
		Debug|Any CPU = Debug|Any CPU
		Release|Any CPU = Release|Any CPU
	EndGlobalSection
	GlobalSection(ProjectConfigurationPlatforms) = postSolution
		{7084077B-E532-4B44-80E0-3CBB0B86308D}.Debug|Any CPU.ActiveCfg = Debug|Any CPU
		{7084077B-E532-4B44-80E0-3CBB0B86308D}.Debug|Any CPU.Build.0 = Debug|Any CPU
		{7084077B-E532-4B44-80E0-3CBB0B86308D}.Release|Any CPU.ActiveCfg = Release|Any CPU
		{7084077B-E532-4B44-80E0-3CBB0B86308D}.Release|Any CPU.Build.0 = Release|Any CPU
	EndGlobalSection
	GlobalSection(SolutionProperties) = preSolution
		HideSolutionNode = FALSE
	EndGlobalSection
	GlobalSection(ExtensibilityGlobals) = postSolution
		SolutionGuid = {B4B008CE-76CB-4964-BBDE-B1A33E57F3DD}
	EndGlobalSection
EndGlobal
