
Microsoft Visual Studio Solution File, Format Version 12.00
# Visual Studio Version 17
VisualStudioVersion = 17.4.33205.214
MinimumVisualStudioVersion = 10.0.40219.1
Project("{FAE04EC0-301F-11D3-BF4B-00C04F79EFBC}") = "CustomerMaintenance", "CustomerMaintenance\CustomerMaintenance.csproj", "{9C80AD58-4B53-47EC-A1D7-0E8CAC36B967}"
EndProject
Global
	GlobalSection(SolutionConfigurationPlatforms) = preSolution
		Debug|Any CPU = Debug|Any CPU
		Release|Any CPU = Release|Any CPU
	EndGlobalSection
	GlobalSection(ProjectConfigurationPlatforms) = postSolution
		{9C80AD58-4B53-47EC-A1D7-0E8CAC36B967}.Debug|Any CPU.ActiveCfg = Debug|Any CPU
		{9C80AD58-4B53-47EC-A1D7-0E8CAC36B967}.Debug|Any CPU.Build.0 = Debug|Any CPU
		{9C80AD58-4B53-47EC-A1D7-0E8CAC36B967}.Release|Any CPU.ActiveCfg = Release|Any CPU
		{9C80AD58-4B53-47EC-A1D7-0E8CAC36B967}.Release|Any CPU.Build.0 = Release|Any CPU
	EndGlobalSection
	GlobalSection(SolutionProperties) = preSolution
		HideSolutionNode = FALSE
	EndGlobalSection
	GlobalSection(ExtensibilityGlobals) = postSolution
		SolutionGuid = {3367B3A0-163B-4822-80A6-FD9952195D7B}
	EndGlobalSection
EndGlobal
