
Microsoft Visual Studio Solution File, Format Version 12.00
# Visual Studio Version 17
VisualStudioVersion = 17.4.33122.133
MinimumVisualStudioVersion = 10.0.40219.1
Project("{FAE04EC0-301F-11D3-BF4B-00C04F79EFBC}") = "InvoiceTotal", "InvoiceTotal\InvoiceTotal.csproj", "{7F5DFE41-08D4-487D-9D36-840030E92393}"
EndProject
Global
	GlobalSection(SolutionConfigurationPlatforms) = preSolution
		Debug|Any CPU = Debug|Any CPU
		Release|Any CPU = Release|Any CPU
	EndGlobalSection
	GlobalSection(ProjectConfigurationPlatforms) = postSolution
		{7F5DFE41-08D4-487D-9D36-840030E92393}.Debug|Any CPU.ActiveCfg = Debug|Any CPU
		{7F5DFE41-08D4-487D-9D36-840030E92393}.Debug|Any CPU.Build.0 = Debug|Any CPU
		{7F5DFE41-08D4-487D-9D36-840030E92393}.Release|Any CPU.ActiveCfg = Release|Any CPU
		{7F5DFE41-08D4-487D-9D36-840030E92393}.Release|Any CPU.Build.0 = Release|Any CPU
	EndGlobalSection
	GlobalSection(SolutionProperties) = preSolution
		HideSolutionNode = FALSE
	EndGlobalSection
	GlobalSection(ExtensibilityGlobals) = postSolution
		SolutionGuid = {AABE5C52-3EF4-4187-B97E-2EA09B1873A0}
	EndGlobalSection
EndGlobal
