
Microsoft Visual Studio Solution File, Format Version 12.00
# Visual Studio Version 17
VisualStudioVersion = 17.4.33122.133
MinimumVisualStudioVersion = 10.0.40219.1
Project("{FAE04EC0-301F-11D3-BF4B-00C04F79EFBC}") = "CustomerMaintenance", "CustomerMaintenance\CustomerMaintenance.csproj", "{80FE62DC-85F2-4454-B8F4-823A564C517E}"
EndProject
Global
	GlobalSection(SolutionConfigurationPlatforms) = preSolution
		Debug|Any CPU = Debug|Any CPU
		Release|Any CPU = Release|Any CPU
	EndGlobalSection
	GlobalSection(ProjectConfigurationPlatforms) = postSolution
		{80FE62DC-85F2-4454-B8F4-823A564C517E}.Debug|Any CPU.ActiveCfg = Debug|Any CPU
		{80FE62DC-85F2-4454-B8F4-823A564C517E}.Debug|Any CPU.Build.0 = Debug|Any CPU
		{80FE62DC-85F2-4454-B8F4-823A564C517E}.Release|Any CPU.ActiveCfg = Release|Any CPU
		{80FE62DC-85F2-4454-B8F4-823A564C517E}.Release|Any CPU.Build.0 = Release|Any CPU
	EndGlobalSection
	GlobalSection(SolutionProperties) = preSolution
		HideSolutionNode = FALSE
	EndGlobalSection
	GlobalSection(ExtensibilityGlobals) = postSolution
		SolutionGuid = {0524CE77-C302-4DB2-A295-75F29ADFFB4B}
	EndGlobalSection
EndGlobal
