
Microsoft Visual Studio Solution File, Format Version 12.00
# Visual Studio Version 17
VisualStudioVersion = 17.4.33205.214
MinimumVisualStudioVersion = 10.0.40219.1
Project("{9A19103F-16F7-4668-BE54-9A1E7A4F7556}") = "CustomerMaintenance", "CustomerMaintenance\CustomerMaintenance.csproj", "{09B6A052-8D16-4D8B-9775-F5E9AC92BB70}"
EndProject
Global
	GlobalSection(SolutionConfigurationPlatforms) = preSolution
		Debug|Any CPU = Debug|Any CPU
		Release|Any CPU = Release|Any CPU
	EndGlobalSection
	GlobalSection(ProjectConfigurationPlatforms) = postSolution
		{09B6A052-8D16-4D8B-9775-F5E9AC92BB70}.Debug|Any CPU.ActiveCfg = Debug|Any CPU
		{09B6A052-8D16-4D8B-9775-F5E9AC92BB70}.Debug|Any CPU.Build.0 = Debug|Any CPU
		{09B6A052-8D16-4D8B-9775-F5E9AC92BB70}.Release|Any CPU.ActiveCfg = Release|Any CPU
		{09B6A052-8D16-4D8B-9775-F5E9AC92BB70}.Release|Any CPU.Build.0 = Release|Any CPU
	EndGlobalSection
	GlobalSection(SolutionProperties) = preSolution
		HideSolutionNode = FALSE
	EndGlobalSection
	GlobalSection(ExtensibilityGlobals) = postSolution
		SolutionGuid = {C483CBCF-812E-4A5E-A921-658D06E0C668}
	EndGlobalSection
EndGlobal
