
Microsoft Visual Studio Solution File, Format Version 12.00
# Visual Studio Version 17
VisualStudioVersion = 17.4.33213.308
MinimumVisualStudioVersion = 10.0.40219.1
Project("{FAE04EC0-301F-11D3-BF4B-00C04F79EFBC}") = "Extra 4-2", "WindowsFormsApp1\Extra 4-2.csproj", "{5305E7F5-8D55-4FF3-9662-3A57D5AFFC97}"
EndProject
Project("{FAE04EC0-301F-11D3-BF4B-00C04F79EFBC}") = "Extra 5-1", "FactorialNumber\Extra 5-1.csproj", "{2616900E-D832-47C3-844C-141773F4A29B}"
EndProject
Project("{FAE04EC0-301F-11D3-BF4B-00C04F79EFBC}") = "Extra 5-3", "Extra 5-3\Extra 5-3.csproj", "{35B3EFE0-FE29-43A6-9324-035F2988F4B4}"
EndProject
Global
	GlobalSection(SolutionConfigurationPlatforms) = preSolution
		Debug|Any CPU = Debug|Any CPU
		Release|Any CPU = Release|Any CPU
	EndGlobalSection
	GlobalSection(ProjectConfigurationPlatforms) = postSolution
		{5305E7F5-8D55-4FF3-9662-3A57D5AFFC97}.Debug|Any CPU.ActiveCfg = Debug|Any CPU
		{5305E7F5-8D55-4FF3-9662-3A57D5AFFC97}.Debug|Any CPU.Build.0 = Debug|Any CPU
		{5305E7F5-8D55-4FF3-9662-3A57D5AFFC97}.Release|Any CPU.ActiveCfg = Release|Any CPU
		{5305E7F5-8D55-4FF3-9662-3A57D5AFFC97}.Release|Any CPU.Build.0 = Release|Any CPU
		{2616900E-D832-47C3-844C-141773F4A29B}.Debug|Any CPU.ActiveCfg = Debug|Any CPU
		{2616900E-D832-47C3-844C-141773F4A29B}.Debug|Any CPU.Build.0 = Debug|Any CPU
		{2616900E-D832-47C3-844C-141773F4A29B}.Release|Any CPU.ActiveCfg = Release|Any CPU
		{2616900E-D832-47C3-844C-141773F4A29B}.Release|Any CPU.Build.0 = Release|Any CPU
		{35B3EFE0-FE29-43A6-9324-035F2988F4B4}.Debug|Any CPU.ActiveCfg = Debug|Any CPU
		{35B3EFE0-FE29-43A6-9324-035F2988F4B4}.Debug|Any CPU.Build.0 = Debug|Any CPU
		{35B3EFE0-FE29-43A6-9324-035F2988F4B4}.Release|Any CPU.ActiveCfg = Release|Any CPU
		{35B3EFE0-FE29-43A6-9324-035F2988F4B4}.Release|Any CPU.Build.0 = Release|Any CPU
	EndGlobalSection
	GlobalSection(SolutionProperties) = preSolution
		HideSolutionNode = FALSE
	EndGlobalSection
	GlobalSection(ExtensibilityGlobals) = postSolution
		SolutionGuid = {E46D542F-1519-4CB4-AEC4-7A24D0141116}
	EndGlobalSection
EndGlobal
