
Microsoft Visual Studio Solution File, Format Version 12.00
# Visual Studio Version 17
VisualStudioVersion = 17.4.33122.133
MinimumVisualStudioVersion = 10.0.40219.1
Project("{FAE04EC0-301F-11D3-BF4B-00C04F79EFBC}") = "CustomerMaintenance", "CustomerMaintenance\CustomerMaintenance.csproj", "{4793B2D3-2968-4713-A4CA-B1B11BCF58F7}"
EndProject
Global
	GlobalSection(SolutionConfigurationPlatforms) = preSolution
		Debug|Any CPU = Debug|Any CPU
		Release|Any CPU = Release|Any CPU
	EndGlobalSection
	GlobalSection(ProjectConfigurationPlatforms) = postSolution
		{4793B2D3-2968-4713-A4CA-B1B11BCF58F7}.Debug|Any CPU.ActiveCfg = Debug|Any CPU
		{4793B2D3-2968-4713-A4CA-B1B11BCF58F7}.Debug|Any CPU.Build.0 = Debug|Any CPU
		{4793B2D3-2968-4713-A4CA-B1B11BCF58F7}.Release|Any CPU.ActiveCfg = Release|Any CPU
		{4793B2D3-2968-4713-A4CA-B1B11BCF58F7}.Release|Any CPU.Build.0 = Release|Any CPU
	EndGlobalSection
	GlobalSection(SolutionProperties) = preSolution
		HideSolutionNode = FALSE
	EndGlobalSection
	GlobalSection(ExtensibilityGlobals) = postSolution
		SolutionGuid = {21C2AB30-2DCE-46C1-AFAA-7BFFEF4708DC}
	EndGlobalSection
EndGlobal
