
Microsoft Visual Studio Solution File, Format Version 12.00
# Visual Studio Version 17
VisualStudioVersion = 17.4.33213.308
MinimumVisualStudioVersion = 10.0.40219.1
Project("{FAE04EC0-301F-11D3-BF4B-00C04F79EFBC}") = "EX1", "EX1\EX1.csproj", "{C5D2B291-9546-4AAA-90A9-5A4DA3CEC51B}"
EndProject
Project("{FAE04EC0-301F-11D3-BF4B-00C04F79EFBC}") = "EX2", "EX2\EX2.csproj", "{62C59789-3CAC-4AF3-827E-7D60DC0542AC}"
EndProject
Global
	GlobalSection(SolutionConfigurationPlatforms) = preSolution
		Debug|Any CPU = Debug|Any CPU
		Release|Any CPU = Release|Any CPU
	EndGlobalSection
	GlobalSection(ProjectConfigurationPlatforms) = postSolution
		{C5D2B291-9546-4AAA-90A9-5A4DA3CEC51B}.Debug|Any CPU.ActiveCfg = Debug|Any CPU
		{C5D2B291-9546-4AAA-90A9-5A4DA3CEC51B}.Debug|Any CPU.Build.0 = Debug|Any CPU
		{C5D2B291-9546-4AAA-90A9-5A4DA3CEC51B}.Release|Any CPU.ActiveCfg = Release|Any CPU
		{C5D2B291-9546-4AAA-90A9-5A4DA3CEC51B}.Release|Any CPU.Build.0 = Release|Any CPU
		{62C59789-3CAC-4AF3-827E-7D60DC0542AC}.Debug|Any CPU.ActiveCfg = Debug|Any CPU
		{62C59789-3CAC-4AF3-827E-7D60DC0542AC}.Debug|Any CPU.Build.0 = Debug|Any CPU
		{62C59789-3CAC-4AF3-827E-7D60DC0542AC}.Release|Any CPU.ActiveCfg = Release|Any CPU
		{62C59789-3CAC-4AF3-827E-7D60DC0542AC}.Release|Any CPU.Build.0 = Release|Any CPU
	EndGlobalSection
	GlobalSection(SolutionProperties) = preSolution
		HideSolutionNode = FALSE
	EndGlobalSection
	GlobalSection(ExtensibilityGlobals) = postSolution
		SolutionGuid = {F8C3BC74-29E4-421E-8A0E-28AEFE169A93}
	EndGlobalSection
EndGlobal
