
Microsoft Visual Studio Solution File, Format Version 12.00
# Visual Studio Version 17
VisualStudioVersion = 17.4.33103.184
MinimumVisualStudioVersion = 10.0.40219.1
Project("{FAE04EC0-301F-11D3-BF4B-00C04F79EFBC}") = "ProductMaintenance", "ProductMaintenance\ProductMaintenance.csproj", "{9A072C2F-6102-47EA-BB70-98DAD1078A07}"
EndProject
Global
	GlobalSection(SolutionConfigurationPlatforms) = preSolution
		Debug|Any CPU = Debug|Any CPU
		Release|Any CPU = Release|Any CPU
	EndGlobalSection
	GlobalSection(ProjectConfigurationPlatforms) = postSolution
		{9A072C2F-6102-47EA-BB70-98DAD1078A07}.Debug|Any CPU.ActiveCfg = Debug|Any CPU
		{9A072C2F-6102-47EA-BB70-98DAD1078A07}.Debug|Any CPU.Build.0 = Debug|Any CPU
		{9A072C2F-6102-47EA-BB70-98DAD1078A07}.Release|Any CPU.ActiveCfg = Release|Any CPU
		{9A072C2F-6102-47EA-BB70-98DAD1078A07}.Release|Any CPU.Build.0 = Release|Any CPU
	EndGlobalSection
	GlobalSection(SolutionProperties) = preSolution
		HideSolutionNode = FALSE
	EndGlobalSection
	GlobalSection(ExtensibilityGlobals) = postSolution
		SolutionGuid = {C28985CF-A54F-48EF-8B73-CEE85240F30B}
	EndGlobalSection
EndGlobal
