
Microsoft Visual Studio Solution File, Format Version 12.00
# Visual Studio Version 17
VisualStudioVersion = 17.4.33110.190
MinimumVisualStudioVersion = 10.0.40219.1
Project("{FAE04EC0-301F-11D3-BF4B-00C04F79EFBC}") = "ProductMaintenance", "ProductMaintenance\ProductMaintenance.csproj", "{9EEBAE6A-1C90-4820-B873-F0D8F2691841}"
EndProject
Global
	GlobalSection(SolutionConfigurationPlatforms) = preSolution
		Debug|Any CPU = Debug|Any CPU
		Release|Any CPU = Release|Any CPU
	EndGlobalSection
	GlobalSection(ProjectConfigurationPlatforms) = postSolution
		{9EEBAE6A-1C90-4820-B873-F0D8F2691841}.Debug|Any CPU.ActiveCfg = Debug|Any CPU
		{9EEBAE6A-1C90-4820-B873-F0D8F2691841}.Debug|Any CPU.Build.0 = Debug|Any CPU
		{9EEBAE6A-1C90-4820-B873-F0D8F2691841}.Release|Any CPU.ActiveCfg = Release|Any CPU
		{9EEBAE6A-1C90-4820-B873-F0D8F2691841}.Release|Any CPU.Build.0 = Release|Any CPU
	EndGlobalSection
	GlobalSection(SolutionProperties) = preSolution
		HideSolutionNode = FALSE
	EndGlobalSection
	GlobalSection(ExtensibilityGlobals) = postSolution
		SolutionGuid = {DC83FF84-7967-4646-809C-2D1F97D696E5}
	EndGlobalSection
EndGlobal
